
Microsoft Visual Studio Solution File, Format Version 12.00
# Visual Studio Version 17
VisualStudioVersion = 17.11.35312.102
MinimumVisualStudioVersion = 10.0.40219.1
Project("{9A19103F-16F7-4668-BE54-9A1E7A4F7556}") = "AssetManager.Desktop", "AssetManager.Desktop\AssetManager.Desktop.csproj", "{88313238-3150-490E-AF08-4F9876851643}"
EndProject
Project("{9A19103F-16F7-4668-BE54-9A1E7A4F7556}") = "AssetManager.Infrastructure", "AssetManager.Infrastructure\AssetManager.Infrastructure.csproj", "{CFB6BF8A-57C7-4A5D-B0D4-F155CD2FBB68}"
EndProject
Project("{9A19103F-16F7-4668-BE54-9A1E7A4F7556}") = "AssetManager.Core", "AssetManager.Core\AssetManager.Core.csproj", "{F5BD5C4A-99A0-4610-B3B7-ABE0D2C2C893}"
EndProject
Global
	GlobalSection(SolutionConfigurationPlatforms) = preSolution
		Debug|Any CPU = Debug|Any CPU
		Release|Any CPU = Release|Any CPU
	EndGlobalSection
	GlobalSection(ProjectConfigurationPlatforms) = postSolution
		{88313238-3150-490E-AF08-4F9876851643}.Debug|Any CPU.ActiveCfg = Release|Any CPU
		{88313238-3150-490E-AF08-4F9876851643}.Debug|Any CPU.Build.0 = Release|Any CPU
		{88313238-3150-490E-AF08-4F9876851643}.Release|Any CPU.ActiveCfg = Release|Any CPU
		{88313238-3150-490E-AF08-4F9876851643}.Release|Any CPU.Build.0 = Release|Any CPU
		{CFB6BF8A-57C7-4A5D-B0D4-F155CD2FBB68}.Debug|Any CPU.ActiveCfg = Release|Any CPU
		{CFB6BF8A-57C7-4A5D-B0D4-F155CD2FBB68}.Debug|Any CPU.Build.0 = Release|Any CPU
		{CFB6BF8A-57C7-4A5D-B0D4-F155CD2FBB68}.Release|Any CPU.ActiveCfg = Release|Any CPU
		{CFB6BF8A-57C7-4A5D-B0D4-F155CD2FBB68}.Release|Any CPU.Build.0 = Release|Any CPU
		{F5BD5C4A-99A0-4610-B3B7-ABE0D2C2C893}.Debug|Any CPU.ActiveCfg = Release|Any CPU
		{F5BD5C4A-99A0-4610-B3B7-ABE0D2C2C893}.Debug|Any CPU.Build.0 = Release|Any CPU
		{F5BD5C4A-99A0-4610-B3B7-ABE0D2C2C893}.Release|Any CPU.ActiveCfg = Release|Any CPU
		{F5BD5C4A-99A0-4610-B3B7-ABE0D2C2C893}.Release|Any CPU.Build.0 = Release|Any CPU
	EndGlobalSection
	GlobalSection(SolutionProperties) = preSolution
		HideSolutionNode = FALSE
	EndGlobalSection
	GlobalSection(ExtensibilityGlobals) = postSolution
		SolutionGuid = {55073A7C-A2E4-4A4B-BD70-36601D3E3B2A}
	EndGlobalSection
EndGlobal
